{
  "object": {
    "pins": [
      {
        "package": "DDKit",
        "repositoryURL": "https://github.com/kyouko-taiga/DDKit.git",
        "state": {
          "branch": "optimizations/saturation",
          "revision": "f14c64574dccb7b2595e84b01b5a3bfc68d054a7",
          "version": null
        }
      },
      {
        "package": "swift-argument-parser",
        "repositoryURL": "https://github.com/apple/swift-argument-parser.git",
        "state": {
          "branch": null,
          "revision": "9f04d1ff1afbccd02279338a2c91e5f27c45e93a",
          "version": "0.0.5"
        }
      }
    ]
  },
  "version": 1
}
